
Microsoft Visual Studio Solution File, Format Version 12.00
# Visual Studio 15
VisualStudioVersion = 15.0.27428.2043
MinimumVisualStudioVersion = 10.0.40219.1
Project("{8BC9CEB8-8B4A-11D0-8D11-00A0C91BC942}") = "glui", "glui\glui.vcxproj", "{CBA90982-C813-41F5-B1A0-863FFD50D355}"
EndProject
Global
	GlobalSection(SolutionConfigurationPlatforms) = preSolution
		Debug|x64 = Debug|x64
		Debug|x86 = Debug|x86
		Release|x64 = Release|x64
		Release|x86 = Release|x86
	EndGlobalSection
	GlobalSection(ProjectConfigurationPlatforms) = postSolution
		{CBA90982-C813-41F5-B1A0-863FFD50D355}.Debug|x64.ActiveCfg = Debug|x64
		{CBA90982-C813-41F5-B1A0-863FFD50D355}.Debug|x64.Build.0 = Debug|x64
		{CBA90982-C813-41F5-B1A0-863FFD50D355}.Debug|x86.ActiveCfg = Debug|Win32
		{CBA90982-C813-41F5-B1A0-863FFD50D355}.Debug|x86.Build.0 = Debug|Win32
		{CBA90982-C813-41F5-B1A0-863FFD50D355}.Release|x64.ActiveCfg = Release|x64
		{CBA90982-C813-41F5-B1A0-863FFD50D355}.Release|x64.Build.0 = Release|x64
		{CBA90982-C813-41F5-B1A0-863FFD50D355}.Release|x86.ActiveCfg = Release|Win32
		{CBA90982-C813-41F5-B1A0-863FFD50D355}.Release|x86.Build.0 = Release|Win32
	EndGlobalSection
	GlobalSection(SolutionProperties) = preSolution
		HideSolutionNode = FALSE
	EndGlobalSection
	GlobalSection(ExtensibilityGlobals) = postSolution
		SolutionGuid = {3C156366-AFE8-4AEB-80C6-A5E83ACAD5F5}
	EndGlobalSection
EndGlobal
