
Microsoft Visual Studio Solution File, Format Version 12.00
# Visual Studio 15
VisualStudioVersion = 15.0.28010.2048
MinimumVisualStudioVersion = 10.0.40219.1
Project("{8BC9CEB8-8B4A-11D0-8D11-00A0C91BC942}") = "GlutCircle", "GlutCircle\GlutCircle.vcxproj", "{D1DF3366-9801-431F-BEDC-E710E27E46BE}"
EndProject
Global
	GlobalSection(SolutionConfigurationPlatforms) = preSolution
		Debug|x64 = Debug|x64
		Debug|x86 = Debug|x86
		Release|x64 = Release|x64
		Release|x86 = Release|x86
	EndGlobalSection
	GlobalSection(ProjectConfigurationPlatforms) = postSolution
		{D1DF3366-9801-431F-BEDC-E710E27E46BE}.Debug|x64.ActiveCfg = Debug|x64
		{D1DF3366-9801-431F-BEDC-E710E27E46BE}.Debug|x64.Build.0 = Debug|x64
		{D1DF3366-9801-431F-BEDC-E710E27E46BE}.Debug|x86.ActiveCfg = Debug|Win32
		{D1DF3366-9801-431F-BEDC-E710E27E46BE}.Debug|x86.Build.0 = Debug|Win32
		{D1DF3366-9801-431F-BEDC-E710E27E46BE}.Release|x64.ActiveCfg = Release|x64
		{D1DF3366-9801-431F-BEDC-E710E27E46BE}.Release|x64.Build.0 = Release|x64
		{D1DF3366-9801-431F-BEDC-E710E27E46BE}.Release|x86.ActiveCfg = Release|Win32
		{D1DF3366-9801-431F-BEDC-E710E27E46BE}.Release|x86.Build.0 = Release|Win32
	EndGlobalSection
	GlobalSection(SolutionProperties) = preSolution
		HideSolutionNode = FALSE
	EndGlobalSection
	GlobalSection(ExtensibilityGlobals) = postSolution
		SolutionGuid = {AF1DFBC3-3A9C-40F5-A31A-4D401F778D2D}
	EndGlobalSection
EndGlobal
